
Microsoft Visual Studio Solution File, Format Version 12.00
# Visual Studio Version 17
VisualStudioVersion = 17.10.34928.147
MinimumVisualStudioVersion = 10.0.40219.1
Project("{FAE04EC0-301F-11D3-BF4B-00C04F79EFBC}") = "JSON", "JSON.csproj", "{BD10F109-345A-4058-AC46-A046BFF961C9}"
EndProject
Global
	GlobalSection(SolutionConfigurationPlatforms) = preSolution
		Debug|Any CPU = Debug|Any CPU
		Release|Any CPU = Release|Any CPU
	EndGlobalSection
	GlobalSection(ProjectConfigurationPlatforms) = postSolution
		{BD10F109-345A-4058-AC46-A046BFF961C9}.Debug|Any CPU.ActiveCfg = Debug|Any CPU
		{BD10F109-345A-4058-AC46-A046BFF961C9}.Debug|Any CPU.Build.0 = Debug|Any CPU
		{BD10F109-345A-4058-AC46-A046BFF961C9}.Release|Any CPU.ActiveCfg = Release|Any CPU
		{BD10F109-345A-4058-AC46-A046BFF961C9}.Release|Any CPU.Build.0 = Release|Any CPU
	EndGlobalSection
	GlobalSection(SolutionProperties) = preSolution
		HideSolutionNode = FALSE
	EndGlobalSection
	GlobalSection(ExtensibilityGlobals) = postSolution
		SolutionGuid = {46B6C196-5A86-4C2A-9E69-0BB4B7E360CB}
	EndGlobalSection
EndGlobal
